
Microsoft Visual Studio Solution File, Format Version 12.00
# Visual Studio Version 16
VisualStudioVersion = 16.0.29613.14
MinimumVisualStudioVersion = 10.0.40219.1
Project("{9A19103F-16F7-4668-BE54-9A1E7A4F7556}") = "DishProjectBusinessLogic", "DishProjectBusinessLogic\DishProjectBusinessLogic.csproj", "{1F379B84-460F-459E-A15F-F3BB591B2C98}"
EndProject
Project("{FAE04EC0-301F-11D3-BF4B-00C04F79EFBC}") = "DishProjectView", "DishProjectView\DishProjectView.csproj", "{9406A923-BE39-40D4-8423-2F69CF5085B3}"
EndProject
Project("{FAE04EC0-301F-11D3-BF4B-00C04F79EFBC}") = "DishProjectListImplement", "DishProjectListImplement\DishProjectListImplement.csproj", "{30877B8A-B05B-4648-AA7E-9B02172FD7B9}"
EndProject
Project("{FAE04EC0-301F-11D3-BF4B-00C04F79EFBC}") = "DishProjectFileImplement", "DishProjectFileImplement\DishProjectFileImplement.csproj", "{5C695C45-0164-4ACD-9E7C-0934E4C3545E}"
EndProject
Project("{FAE04EC0-301F-11D3-BF4B-00C04F79EFBC}") = "DishProjectDatabaseImplement", "DishProjectDatabaseImplement\DishProjectDatabaseImplement.csproj", "{F4DCBF84-2631-409A-AE49-72CF8AFA0979}"
EndProject
Project("{9A19103F-16F7-4668-BE54-9A1E7A4F7556}") = "DishProjectRestApi", "DishProjectRestApi\DishProjectRestApi.csproj", "{B398B953-B115-4E85-99E3-4F36068897B9}"
EndProject
Project("{FAE04EC0-301F-11D3-BF4B-00C04F79EFBC}") = "DishProjectClientApp", "DishProjectClientApp\DishProjectClientApp.csproj", "{82ED486D-1033-45FC-8A77-076E9BD91663}"
EndProject
Global
	GlobalSection(SolutionConfigurationPlatforms) = preSolution
		Debug|Any CPU = Debug|Any CPU
		Release|Any CPU = Release|Any CPU
	EndGlobalSection
	GlobalSection(ProjectConfigurationPlatforms) = postSolution
		{1F379B84-460F-459E-A15F-F3BB591B2C98}.Debug|Any CPU.ActiveCfg = Debug|Any CPU
		{1F379B84-460F-459E-A15F-F3BB591B2C98}.Debug|Any CPU.Build.0 = Debug|Any CPU
		{1F379B84-460F-459E-A15F-F3BB591B2C98}.Release|Any CPU.ActiveCfg = Release|Any CPU
		{1F379B84-460F-459E-A15F-F3BB591B2C98}.Release|Any CPU.Build.0 = Release|Any CPU
		{9406A923-BE39-40D4-8423-2F69CF5085B3}.Debug|Any CPU.ActiveCfg = Debug|Any CPU
		{9406A923-BE39-40D4-8423-2F69CF5085B3}.Debug|Any CPU.Build.0 = Debug|Any CPU
		{9406A923-BE39-40D4-8423-2F69CF5085B3}.Release|Any CPU.ActiveCfg = Release|Any CPU
		{9406A923-BE39-40D4-8423-2F69CF5085B3}.Release|Any CPU.Build.0 = Release|Any CPU
		{30877B8A-B05B-4648-AA7E-9B02172FD7B9}.Debug|Any CPU.ActiveCfg = Debug|Any CPU
		{30877B8A-B05B-4648-AA7E-9B02172FD7B9}.Debug|Any CPU.Build.0 = Debug|Any CPU
		{30877B8A-B05B-4648-AA7E-9B02172FD7B9}.Release|Any CPU.ActiveCfg = Release|Any CPU
		{30877B8A-B05B-4648-AA7E-9B02172FD7B9}.Release|Any CPU.Build.0 = Release|Any CPU
		{5C695C45-0164-4ACD-9E7C-0934E4C3545E}.Debug|Any CPU.ActiveCfg = Debug|Any CPU
		{5C695C45-0164-4ACD-9E7C-0934E4C3545E}.Debug|Any CPU.Build.0 = Debug|Any CPU
		{5C695C45-0164-4ACD-9E7C-0934E4C3545E}.Release|Any CPU.ActiveCfg = Release|Any CPU
		{5C695C45-0164-4ACD-9E7C-0934E4C3545E}.Release|Any CPU.Build.0 = Release|Any CPU
		{F4DCBF84-2631-409A-AE49-72CF8AFA0979}.Debug|Any CPU.ActiveCfg = Debug|Any CPU
		{F4DCBF84-2631-409A-AE49-72CF8AFA0979}.Debug|Any CPU.Build.0 = Debug|Any CPU
		{F4DCBF84-2631-409A-AE49-72CF8AFA0979}.Release|Any CPU.ActiveCfg = Release|Any CPU
		{F4DCBF84-2631-409A-AE49-72CF8AFA0979}.Release|Any CPU.Build.0 = Release|Any CPU
		{B398B953-B115-4E85-99E3-4F36068897B9}.Debug|Any CPU.ActiveCfg = Debug|Any CPU
		{B398B953-B115-4E85-99E3-4F36068897B9}.Debug|Any CPU.Build.0 = Debug|Any CPU
		{B398B953-B115-4E85-99E3-4F36068897B9}.Release|Any CPU.ActiveCfg = Release|Any CPU
		{B398B953-B115-4E85-99E3-4F36068897B9}.Release|Any CPU.Build.0 = Release|Any CPU
		{82ED486D-1033-45FC-8A77-076E9BD91663}.Debug|Any CPU.ActiveCfg = Debug|Any CPU
		{82ED486D-1033-45FC-8A77-076E9BD91663}.Debug|Any CPU.Build.0 = Debug|Any CPU
		{82ED486D-1033-45FC-8A77-076E9BD91663}.Release|Any CPU.ActiveCfg = Release|Any CPU
		{82ED486D-1033-45FC-8A77-076E9BD91663}.Release|Any CPU.Build.0 = Release|Any CPU
	EndGlobalSection
	GlobalSection(SolutionProperties) = preSolution
		HideSolutionNode = FALSE
	EndGlobalSection
	GlobalSection(ExtensibilityGlobals) = postSolution
		SolutionGuid = {C1183C6F-9B66-4479-A921-EEDF1A75519F}
	EndGlobalSection
EndGlobal
